
Microsoft Visual Studio Solution File, Format Version 12.00
# Visual Studio Version 16
VisualStudioVersion = 16.0.31410.357
MinimumVisualStudioVersion = 10.0.40219.1
Project("{2150E333-8FDC-42A3-9474-1A3956D46DE8}") = ".Global", ".Global", "{B38A60DD-BACD-4A83-B6C4-36577741CF91}"
EndProject
Project("{2150E333-8FDC-42A3-9474-1A3956D46DE8}") = "Documents", "Documents", "{1CBDFE03-F68A-4C53-A9AE-6C393109D27A}"
	ProjectSection(SolutionItems) = preProject
		..\ReadMe.md = ..\ReadMe.md
	EndProjectSection
EndProject
Project("{2150E333-8FDC-42A3-9474-1A3956D46DE8}") = "Settings", "Settings", "{3600A3BC-159D-4ED2-AB47-E64FFBAA0CC7}"
	ProjectSection(SolutionItems) = preProject
		..\.dockerignore = ..\.dockerignore
		..\.editorconfig = ..\.editorconfig
		..\.gitignore = ..\.gitignore
		..\NuGet.config = ..\NuGet.config
	EndProjectSection
EndProject
Project("{9A19103F-16F7-4668-BE54-9A1E7A4F7556}") = "Client", "Client\Client.csproj", "{8B0D3168-F811-4C47-AD5E-43A306BD3965}"
EndProject
Project("{9A19103F-16F7-4668-BE54-9A1E7A4F7556}") = "Service", "Service\Service.csproj", "{60192493-B0A3-4E09-94BA-2862E976AFC4}"
EndProject
Global
	GlobalSection(SolutionConfigurationPlatforms) = preSolution
		Debug|Any CPU = Debug|Any CPU
		Release|Any CPU = Release|Any CPU
	EndGlobalSection
	GlobalSection(ProjectConfigurationPlatforms) = postSolution
		{8B0D3168-F811-4C47-AD5E-43A306BD3965}.Debug|Any CPU.ActiveCfg = Debug|Any CPU
		{8B0D3168-F811-4C47-AD5E-43A306BD3965}.Debug|Any CPU.Build.0 = Debug|Any CPU
		{8B0D3168-F811-4C47-AD5E-43A306BD3965}.Release|Any CPU.ActiveCfg = Release|Any CPU
		{8B0D3168-F811-4C47-AD5E-43A306BD3965}.Release|Any CPU.Build.0 = Release|Any CPU
		{60192493-B0A3-4E09-94BA-2862E976AFC4}.Debug|Any CPU.ActiveCfg = Debug|Any CPU
		{60192493-B0A3-4E09-94BA-2862E976AFC4}.Debug|Any CPU.Build.0 = Debug|Any CPU
		{60192493-B0A3-4E09-94BA-2862E976AFC4}.Release|Any CPU.ActiveCfg = Release|Any CPU
		{60192493-B0A3-4E09-94BA-2862E976AFC4}.Release|Any CPU.Build.0 = Release|Any CPU
	EndGlobalSection
	GlobalSection(SolutionProperties) = preSolution
		HideSolutionNode = FALSE
	EndGlobalSection
	GlobalSection(NestedProjects) = preSolution
		{1CBDFE03-F68A-4C53-A9AE-6C393109D27A} = {B38A60DD-BACD-4A83-B6C4-36577741CF91}
		{3600A3BC-159D-4ED2-AB47-E64FFBAA0CC7} = {B38A60DD-BACD-4A83-B6C4-36577741CF91}
	EndGlobalSection
	GlobalSection(ExtensibilityGlobals) = postSolution
		SolutionGuid = {6186FE78-0B4B-4004-80D9-2BD6FCF61CF0}
	EndGlobalSection
EndGlobal
